{
  "version": 4,
  "terraform_version": "1.14.3",
  "serial": 19,
  "lineage": "64e13658-5e7c-e92f-ec78-2f817a8318fc",
  "outputs": {
    "backup_bucket_name": {
      "value": "klist-backups-project-092a68fd-42f4-4f6a-8fb",
      "type": "string"
    },
    "backup_sa_email": {
      "value": "klist-backup-sa@project-092a68fd-42f4-4f6a-8fb.iam.gserviceaccount.com",
      "type": "string"
    }
  },
  "resources": [
    {
      "mode": "managed",
      "type": "google_compute_firewall",
      "name": "allow_internal",
      "provider": "provider[\"registry.terraform.io/hashicorp/google\"]",
      "instances": [
        {
          "schema_version": 1,
          "attributes": {
            "allow": [
              {
                "ports": [],
                "protocol": "icmp"
              },
              {
                "ports": [],
                "protocol": "tcp"
              },
              {
                "ports": [],
                "protocol": "udp"
              }
            ],
            "creation_timestamp": "2026-03-24T02:27:19.133-07:00",
            "deny": [],
            "description": "",
            "destination_ranges": [],
            "direction": "INGRESS",
            "disabled": false,
            "enable_logging": null,
            "id": "projects/project-092a68fd-42f4-4f6a-8fb/global/firewalls/klist-allow-internal",
            "log_config": [],
            "name": "klist-allow-internal",
            "network": "https://www.googleapis.com/compute/v1/projects/project-092a68fd-42f4-4f6a-8fb/global/networks/klist-dr-vpc",
            "priority": 1000,
            "project": "project-092a68fd-42f4-4f6a-8fb",
            "self_link": "https://www.googleapis.com/compute/v1/projects/project-092a68fd-42f4-4f6a-8fb/global/firewalls/klist-allow-internal",
            "source_ranges": [
              "10.0.1.0/24"
            ],
            "source_service_accounts": [],
            "source_tags": [],
            "target_service_accounts": [],
            "target_tags": [],
            "timeouts": null
          },
          "sensitive_attributes": [],
          "identity_schema_version": 0,
          "private": "eyJlMmJmYjczMC1lY2FhLTExZTYtOGY4OC0zNDM2M2JjN2M0YzAiOnsiY3JlYXRlIjoxMjAwMDAwMDAwMDAwLCJkZWxldGUiOjEyMDAwMDAwMDAwMDAsInVwZGF0ZSI6MTIwMDAwMDAwMDAwMH0sInNjaGVtYV92ZXJzaW9uIjoiMSJ9",
          "dependencies": [
            "google_compute_network.klist_vpc"
          ]
        }
      ]
    },
    {
      "mode": "managed",
      "type": "google_compute_firewall",
      "name": "allow_k8s_api",
      "provider": "provider[\"registry.terraform.io/hashicorp/google\"]",
      "instances": [
        {
          "schema_version": 1,
          "attributes": {
            "allow": [
              {
                "ports": [
                  "6443"
                ],
                "protocol": "tcp"
              }
            ],
            "creation_timestamp": "2026-03-24T03:05:45.968-07:00",
            "deny": [],
            "description": "",
            "destination_ranges": [],
            "direction": "INGRESS",
            "disabled": false,
            "enable_logging": null,
            "id": "projects/project-092a68fd-42f4-4f6a-8fb/global/firewalls/klist-allow-k8s-api",
            "log_config": [],
            "name": "klist-allow-k8s-api",
            "network": "https://www.googleapis.com/compute/v1/projects/project-092a68fd-42f4-4f6a-8fb/global/networks/klist-dr-vpc",
            "priority": 1000,
            "project": "project-092a68fd-42f4-4f6a-8fb",
            "self_link": "https://www.googleapis.com/compute/v1/projects/project-092a68fd-42f4-4f6a-8fb/global/firewalls/klist-allow-k8s-api",
            "source_ranges": [
              "0.0.0.0/0"
            ],
            "source_service_accounts": null,
            "source_tags": null,
            "target_service_accounts": null,
            "target_tags": null,
            "timeouts": null
          },
          "sensitive_attributes": [],
          "identity_schema_version": 0,
          "private": "eyJlMmJmYjczMC1lY2FhLTExZTYtOGY4OC0zNDM2M2JjN2M0YzAiOnsiY3JlYXRlIjoxMjAwMDAwMDAwMDAwLCJkZWxldGUiOjEyMDAwMDAwMDAwMDAsInVwZGF0ZSI6MTIwMDAwMDAwMDAwMH0sInNjaGVtYV92ZXJzaW9uIjoiMSJ9",
          "dependencies": [
            "google_compute_network.klist_vpc"
          ]
        }
      ]
    },
    {
      "mode": "managed",
      "type": "google_compute_firewall",
      "name": "allow_ssh_iap",
      "provider": "provider[\"registry.terraform.io/hashicorp/google\"]",
      "instances": [
        {
          "schema_version": 1,
          "attributes": {
            "allow": [
              {
                "ports": [
                  "22"
                ],
                "protocol": "tcp"
              }
            ],
            "creation_timestamp": "2026-03-24T02:38:06.839-07:00",
            "deny": [],
            "description": "",
            "destination_ranges": [],
            "direction": "INGRESS",
            "disabled": false,
            "enable_logging": null,
            "id": "projects/project-092a68fd-42f4-4f6a-8fb/global/firewalls/klist-allow-ssh-iap",
            "log_config": [],
            "name": "klist-allow-ssh-iap",
            "network": "https://www.googleapis.com/compute/v1/projects/project-092a68fd-42f4-4f6a-8fb/global/networks/klist-dr-vpc",
            "priority": 1000,
            "project": "project-092a68fd-42f4-4f6a-8fb",
            "self_link": "https://www.googleapis.com/compute/v1/projects/project-092a68fd-42f4-4f6a-8fb/global/firewalls/klist-allow-ssh-iap",
            "source_ranges": [
              "35.235.240.0/20"
            ],
            "source_service_accounts": [],
            "source_tags": [],
            "target_service_accounts": [],
            "target_tags": [],
            "timeouts": null
          },
          "sensitive_attributes": [],
          "identity_schema_version": 0,
          "private": "eyJlMmJmYjczMC1lY2FhLTExZTYtOGY4OC0zNDM2M2JjN2M0YzAiOnsiY3JlYXRlIjoxMjAwMDAwMDAwMDAwLCJkZWxldGUiOjEyMDAwMDAwMDAwMDAsInVwZGF0ZSI6MTIwMDAwMDAwMDAwMH0sInNjaGVtYV92ZXJzaW9uIjoiMSJ9",
          "dependencies": [
            "google_compute_network.klist_vpc"
          ]
        }
      ]
    },
    {
      "mode": "managed",
      "type": "google_compute_instance",
      "name": "k3s_master",
      "provider": "provider[\"registry.terraform.io/hashicorp/google\"]",
      "instances": [
        {
          "schema_version": 6,
          "attributes": {
            "advanced_machine_features": [],
            "allow_stopping_for_update": null,
            "attached_disk": [],
            "boot_disk": [
              {
                "auto_delete": true,
                "device_name": "persistent-disk-0",
                "disk_encryption_key_raw": "",
                "disk_encryption_key_sha256": "",
                "initialize_params": [
                  {
                    "enable_confidential_compute": false,
                    "image": "https://www.googleapis.com/compute/v1/projects/ubuntu-os-cloud/global/images/ubuntu-2204-jammy-v20260313",
                    "labels": {},
                    "provisioned_iops": 0,
                    "provisioned_throughput": 0,
                    "resource_manager_tags": {},
                    "size": 30,
                    "storage_pool": "",
                    "type": "pd-standard"
                  }
                ],
                "kms_key_self_link": "",
                "mode": "READ_WRITE",
                "source": "https://www.googleapis.com/compute/v1/projects/project-092a68fd-42f4-4f6a-8fb/zones/europe-west4-a/disks/klist-dr-master"
              }
            ],
            "can_ip_forward": false,
            "confidential_instance_config": [],
            "cpu_platform": "Intel Broadwell",
            "current_status": "RUNNING",
            "deletion_protection": false,
            "description": "",
            "desired_status": null,
            "effective_labels": {},
            "enable_display": false,
            "guest_accelerator": [],
            "hostname": "",
            "id": "projects/project-092a68fd-42f4-4f6a-8fb/zones/europe-west4-a/instances/klist-dr-master",
            "instance_id": "1278301644688189408",
            "label_fingerprint": "42WmSpB8rSM=",
            "labels": {},
            "machine_type": "e2-medium",
            "metadata": {},
            "metadata_fingerprint": "2D0AprlEvjc=",
            "metadata_startup_script": "#!/bin/bash\r\ncurl -sfL https://get.k3s.io | K3S_TOKEN=YkhIbKGAZNsXTd6wOIFCsGSsYhabrat3 sh -s - server \\\r\n  --disable traefik \\\r\n  --disable servicelb \\\r\n  --node-external-ip=$(curl -s ifconfig.me)\r\n",
            "min_cpu_platform": "",
            "name": "klist-dr-master",
            "network_interface": [
              {
                "access_config": [
                  {
                    "nat_ip": "34.12.166.61",
                    "network_tier": "PREMIUM",
                    "public_ptr_domain_name": ""
                  }
                ],
                "alias_ip_range": [],
                "internal_ipv6_prefix_length": 0,
                "ipv6_access_config": [],
                "ipv6_access_type": "",
                "ipv6_address": "",
                "name": "nic0",
                "network": "https://www.googleapis.com/compute/v1/projects/project-092a68fd-42f4-4f6a-8fb/global/networks/klist-dr-vpc",
                "network_ip": "10.0.1.2",
                "nic_type": "",
                "queue_count": 0,
                "stack_type": "IPV4_ONLY",
                "subnetwork": "https://www.googleapis.com/compute/v1/projects/project-092a68fd-42f4-4f6a-8fb/regions/europe-west4/subnetworks/klist-dr-subnet",
                "subnetwork_project": "project-092a68fd-42f4-4f6a-8fb"
              }
            ],
            "network_performance_config": [],
            "params": [],
            "project": "project-092a68fd-42f4-4f6a-8fb",
            "reservation_affinity": [],
            "resource_policies": [],
            "scheduling": [
              {
                "automatic_restart": true,
                "instance_termination_action": "",
                "local_ssd_recovery_timeout": [],
                "max_run_duration": [],
                "min_node_cpus": 0,
                "node_affinities": [],
                "on_host_maintenance": "MIGRATE",
                "on_instance_stop_action": [],
                "preemptible": false,
                "provisioning_model": "STANDARD"
              }
            ],
            "scratch_disk": [],
            "self_link": "https://www.googleapis.com/compute/v1/projects/project-092a68fd-42f4-4f6a-8fb/zones/europe-west4-a/instances/klist-dr-master",
            "service_account": [],
            "shielded_instance_config": [
              {
                "enable_integrity_monitoring": true,
                "enable_secure_boot": false,
                "enable_vtpm": true
              }
            ],
            "tags": [],
            "tags_fingerprint": "42WmSpB8rSM=",
            "terraform_labels": {},
            "timeouts": null,
            "zone": "europe-west4-a"
          },
          "sensitive_attributes": [
            [
              {
                "type": "get_attr",
                "value": "boot_disk"
              },
              {
                "type": "index",
                "value": {
                  "value": 0,
                  "type": "number"
                }
              },
              {
                "type": "get_attr",
                "value": "disk_encryption_key_raw"
              }
            ],
            [
              {
                "type": "get_attr",
                "value": "metadata_startup_script"
              }
            ]
          ],
          "identity_schema_version": 0,
          "private": "eyJlMmJmYjczMC1lY2FhLTExZTYtOGY4OC0zNDM2M2JjN2M0YzAiOnsiY3JlYXRlIjoxMjAwMDAwMDAwMDAwLCJkZWxldGUiOjEyMDAwMDAwMDAwMDAsInVwZGF0ZSI6MTIwMDAwMDAwMDAwMH0sInNjaGVtYV92ZXJzaW9uIjoiNiJ9",
          "dependencies": [
            "google_compute_network.klist_vpc",
            "google_compute_subnetwork.klist_subnet",
            "random_password.k3s_cluster_token"
          ]
        }
      ]
    },
    {
      "mode": "managed",
      "type": "google_compute_instance",
      "name": "k3s_worker",
      "provider": "provider[\"registry.terraform.io/hashicorp/google\"]",
      "instances": [
        {
          "schema_version": 6,
          "attributes": {
            "advanced_machine_features": [],
            "allow_stopping_for_update": null,
            "attached_disk": [],
            "boot_disk": [
              {
                "auto_delete": true,
                "device_name": "persistent-disk-0",
                "disk_encryption_key_raw": "",
                "disk_encryption_key_sha256": "",
                "initialize_params": [
                  {
                    "enable_confidential_compute": false,
                    "image": "https://www.googleapis.com/compute/v1/projects/ubuntu-os-cloud/global/images/ubuntu-2204-jammy-v20260313",
                    "labels": {},
                    "provisioned_iops": 0,
                    "provisioned_throughput": 0,
                    "resource_manager_tags": {},
                    "size": 30,
                    "storage_pool": "",
                    "type": "pd-standard"
                  }
                ],
                "kms_key_self_link": "",
                "mode": "READ_WRITE",
                "source": "https://www.googleapis.com/compute/v1/projects/project-092a68fd-42f4-4f6a-8fb/zones/europe-west4-a/disks/klist-dr-worker-1"
              }
            ],
            "can_ip_forward": false,
            "confidential_instance_config": [],
            "cpu_platform": "AMD Rome",
            "current_status": "RUNNING",
            "deletion_protection": false,
            "description": "",
            "desired_status": null,
            "effective_labels": {},
            "enable_display": false,
            "guest_accelerator": [],
            "hostname": "",
            "id": "projects/project-092a68fd-42f4-4f6a-8fb/zones/europe-west4-a/instances/klist-dr-worker-1",
            "instance_id": "538532479010596852",
            "label_fingerprint": "42WmSpB8rSM=",
            "labels": {},
            "machine_type": "e2-medium",
            "metadata": {},
            "metadata_fingerprint": "G8JMwSh_WCQ=",
            "metadata_startup_script": "#!/bin/bash\r\n# Așteptăm câteva secunde să fim siguri că masterul a pornit complet\r\nsleep 30 \r\ncurl -sfL https://get.k3s.io | K3S_URL=https://10.0.1.2:6443 K3S_TOKEN=YkhIbKGAZNsXTd6wOIFCsGSsYhabrat3 sh -s - agent\r\n",
            "min_cpu_platform": "",
            "name": "klist-dr-worker-1",
            "network_interface": [
              {
                "access_config": [
                  {
                    "nat_ip": "34.90.163.192",
                    "network_tier": "PREMIUM",
                    "public_ptr_domain_name": ""
                  }
                ],
                "alias_ip_range": [],
                "internal_ipv6_prefix_length": 0,
                "ipv6_access_config": [],
                "ipv6_access_type": "",
                "ipv6_address": "",
                "name": "nic0",
                "network": "https://www.googleapis.com/compute/v1/projects/project-092a68fd-42f4-4f6a-8fb/global/networks/klist-dr-vpc",
                "network_ip": "10.0.1.3",
                "nic_type": "",
                "queue_count": 0,
                "stack_type": "IPV4_ONLY",
                "subnetwork": "https://www.googleapis.com/compute/v1/projects/project-092a68fd-42f4-4f6a-8fb/regions/europe-west4/subnetworks/klist-dr-subnet",
                "subnetwork_project": "project-092a68fd-42f4-4f6a-8fb"
              }
            ],
            "network_performance_config": [],
            "params": [],
            "project": "project-092a68fd-42f4-4f6a-8fb",
            "reservation_affinity": [],
            "resource_policies": [],
            "scheduling": [
              {
                "automatic_restart": false,
                "instance_termination_action": "STOP",
                "local_ssd_recovery_timeout": [],
                "max_run_duration": [],
                "min_node_cpus": 0,
                "node_affinities": [],
                "on_host_maintenance": "TERMINATE",
                "on_instance_stop_action": [],
                "preemptible": true,
                "provisioning_model": "SPOT"
              }
            ],
            "scratch_disk": [],
            "self_link": "https://www.googleapis.com/compute/v1/projects/project-092a68fd-42f4-4f6a-8fb/zones/europe-west4-a/instances/klist-dr-worker-1",
            "service_account": [],
            "shielded_instance_config": [
              {
                "enable_integrity_monitoring": true,
                "enable_secure_boot": false,
                "enable_vtpm": true
              }
            ],
            "tags": [],
            "tags_fingerprint": "42WmSpB8rSM=",
            "terraform_labels": {},
            "timeouts": null,
            "zone": "europe-west4-a"
          },
          "sensitive_attributes": [
            [
              {
                "type": "get_attr",
                "value": "boot_disk"
              },
              {
                "type": "index",
                "value": {
                  "value": 0,
                  "type": "number"
                }
              },
              {
                "type": "get_attr",
                "value": "disk_encryption_key_raw"
              }
            ],
            [
              {
                "type": "get_attr",
                "value": "metadata_startup_script"
              }
            ]
          ],
          "identity_schema_version": 0,
          "private": "eyJlMmJmYjczMC1lY2FhLTExZTYtOGY4OC0zNDM2M2JjN2M0YzAiOnsiY3JlYXRlIjoxMjAwMDAwMDAwMDAwLCJkZWxldGUiOjEyMDAwMDAwMDAwMDAsInVwZGF0ZSI6MTIwMDAwMDAwMDAwMH0sInNjaGVtYV92ZXJzaW9uIjoiNiJ9",
          "dependencies": [
            "google_compute_instance.k3s_master",
            "google_compute_network.klist_vpc",
            "google_compute_subnetwork.klist_subnet",
            "random_password.k3s_cluster_token"
          ]
        }
      ]
    },
    {
      "mode": "managed",
      "type": "google_compute_network",
      "name": "klist_vpc",
      "provider": "provider[\"registry.terraform.io/hashicorp/google\"]",
      "instances": [
        {
          "schema_version": 0,
          "attributes": {
            "auto_create_subnetworks": false,
            "delete_default_routes_on_create": false,
            "description": "",
            "enable_ula_internal_ipv6": false,
            "gateway_ipv4": "",
            "id": "projects/project-092a68fd-42f4-4f6a-8fb/global/networks/klist-dr-vpc",
            "internal_ipv6_range": "",
            "mtu": 0,
            "name": "klist-dr-vpc",
            "network_firewall_policy_enforcement_order": "AFTER_CLASSIC_FIREWALL",
            "numeric_id": "2413413122509366788",
            "project": "project-092a68fd-42f4-4f6a-8fb",
            "routing_mode": "REGIONAL",
            "self_link": "https://www.googleapis.com/compute/v1/projects/project-092a68fd-42f4-4f6a-8fb/global/networks/klist-dr-vpc",
            "timeouts": null
          },
          "sensitive_attributes": [],
          "identity_schema_version": 0,
          "private": "eyJlMmJmYjczMC1lY2FhLTExZTYtOGY4OC0zNDM2M2JjN2M0YzAiOnsiY3JlYXRlIjoxMjAwMDAwMDAwMDAwLCJkZWxldGUiOjEyMDAwMDAwMDAwMDAsInVwZGF0ZSI6MTIwMDAwMDAwMDAwMH19"
        }
      ]
    },
    {
      "mode": "managed",
      "type": "google_compute_subnetwork",
      "name": "klist_subnet",
      "provider": "provider[\"registry.terraform.io/hashicorp/google\"]",
      "instances": [
        {
          "schema_version": 0,
          "attributes": {
            "creation_timestamp": "2026-03-24T02:27:21.764-07:00",
            "description": "",
            "external_ipv6_prefix": "",
            "fingerprint": null,
            "gateway_address": "10.0.1.1",
            "id": "projects/project-092a68fd-42f4-4f6a-8fb/regions/europe-west4/subnetworks/klist-dr-subnet",
            "internal_ipv6_prefix": "",
            "ip_cidr_range": "10.0.1.0/24",
            "ipv6_access_type": "",
            "ipv6_cidr_range": "",
            "log_config": [],
            "name": "klist-dr-subnet",
            "network": "https://www.googleapis.com/compute/v1/projects/project-092a68fd-42f4-4f6a-8fb/global/networks/klist-dr-vpc",
            "private_ip_google_access": false,
            "private_ipv6_google_access": "DISABLE_GOOGLE_ACCESS",
            "project": "project-092a68fd-42f4-4f6a-8fb",
            "purpose": "PRIVATE",
            "region": "europe-west4",
            "role": "",
            "secondary_ip_range": [],
            "self_link": "https://www.googleapis.com/compute/v1/projects/project-092a68fd-42f4-4f6a-8fb/regions/europe-west4/subnetworks/klist-dr-subnet",
            "send_secondary_ip_range_if_empty": null,
            "stack_type": "IPV4_ONLY",
            "timeouts": null
          },
          "sensitive_attributes": [],
          "identity_schema_version": 0,
          "private": "eyJlMmJmYjczMC1lY2FhLTExZTYtOGY4OC0zNDM2M2JjN2M0YzAiOnsiY3JlYXRlIjoxMjAwMDAwMDAwMDAwLCJkZWxldGUiOjEyMDAwMDAwMDAwMDAsInVwZGF0ZSI6MTIwMDAwMDAwMDAwMH19",
          "dependencies": [
            "google_compute_network.klist_vpc"
          ]
        }
      ]
    },
    {
      "mode": "managed",
      "type": "google_service_account",
      "name": "backup",
      "provider": "provider[\"registry.terraform.io/hashicorp/google\"]",
      "instances": [
        {
          "schema_version": 0,
          "attributes": {
            "account_id": "klist-backup-sa",
            "create_ignore_already_exists": null,
            "description": "Folosit de Velero si pg_dump CronJob pentru acces la GCS",
            "disabled": false,
            "display_name": "kli.st Backup Service Account",
            "email": "klist-backup-sa@project-092a68fd-42f4-4f6a-8fb.iam.gserviceaccount.com",
            "id": "projects/project-092a68fd-42f4-4f6a-8fb/serviceAccounts/klist-backup-sa@project-092a68fd-42f4-4f6a-8fb.iam.gserviceaccount.com",
            "member": "serviceAccount:klist-backup-sa@project-092a68fd-42f4-4f6a-8fb.iam.gserviceaccount.com",
            "name": "projects/project-092a68fd-42f4-4f6a-8fb/serviceAccounts/klist-backup-sa@project-092a68fd-42f4-4f6a-8fb.iam.gserviceaccount.com",
            "project": "project-092a68fd-42f4-4f6a-8fb",
            "timeouts": null,
            "unique_id": "100966086779211301322"
          },
          "sensitive_attributes": [],
          "identity_schema_version": 0,
          "private": "eyJlMmJmYjczMC1lY2FhLTExZTYtOGY4OC0zNDM2M2JjN2M0YzAiOnsiY3JlYXRlIjozMDAwMDAwMDAwMDB9fQ=="
        }
      ]
    },
    {
      "mode": "managed",
      "type": "google_storage_bucket_iam_member",
      "name": "backup_sa_access",
      "provider": "provider[\"registry.terraform.io/hashicorp/google\"]",
      "instances": [
        {
          "schema_version": 0,
          "attributes": {
            "bucket": "b/klist-backups-project-092a68fd-42f4-4f6a-8fb",
            "condition": [],
            "etag": "CAI=",
            "id": "b/klist-backups-project-092a68fd-42f4-4f6a-8fb/roles/storage.objectAdmin/serviceAccount:klist-backup-sa@project-092a68fd-42f4-4f6a-8fb.iam.gserviceaccount.com",
            "member": "serviceAccount:klist-backup-sa@project-092a68fd-42f4-4f6a-8fb.iam.gserviceaccount.com",
            "role": "roles/storage.objectAdmin"
          },
          "sensitive_attributes": [],
          "identity_schema_version": 0,
          "private": "bnVsbA==",
          "dependencies": [
            "google_service_account.backup",
            "google_storage_bucket.klist_backups"
          ]
        }
      ]
    },
    {
      "mode": "managed",
      "type": "random_password",
      "name": "k3s_cluster_token",
      "provider": "provider[\"registry.terraform.io/hashicorp/random\"]",
      "instances": [
        {
          "schema_version": 3,
          "attributes": {
            "bcrypt_hash": "$2a$10$bW3vkiR1ijQJ9Vn7X02cuOAH9IXKJ6sU6epXk7lxQqkBkzYslTPf6",
            "id": "none",
            "keepers": null,
            "length": 32,
            "lower": true,
            "min_lower": 0,
            "min_numeric": 0,
            "min_special": 0,
            "min_upper": 0,
            "number": true,
            "numeric": true,
            "override_special": null,
            "result": "YkhIbKGAZNsXTd6wOIFCsGSsYhabrat3",
            "special": false,
            "upper": true
          },
          "sensitive_attributes": [
            [
              {
                "type": "get_attr",
                "value": "bcrypt_hash"
              }
            ],
            [
              {
                "type": "get_attr",
                "value": "result"
              }
            ]
          ],
          "identity_schema_version": 0
        }
      ]
    }
  ],
  "check_results": null
}
